# This file was autogenerated by Stack.
# You should not edit this file by hand.
# For more information, please see the documentation at:
#   https://docs.haskellstack.org/en/stable/lock_files

packages:
- completed:
    hackage: gi-poppler-0.18.21@sha256:0350565b2bc86741d7d9875e0335611279c40affb2e551a9906952c5df6ae049,8772
    pantry-tree:
      size: 363
      sha256: 4c75e39ee189f0378e63ba374cf7bb3ee45b7cfa86d9a3a94ca6dd55d560727b
  original:
    hackage: gi-poppler-0.18.21@sha256:0350565b2bc86741d7d9875e0335611279c40affb2e551a9906952c5df6ae049,8772
- completed:
    hackage: cairo-0.13.8.0@sha256:9b64a376ebaa4f153bba5866a32291fd4bed48147009cce9158ce6533928eba8,4075
    pantry-tree:
      size: 2830
      sha256: 07aeb4b5eaa1d8201f67f4b8011aaf182ceb4e558066e59d482485fc02895994
  original:
    hackage: cairo-0.13.8.0@sha256:9b64a376ebaa4f153bba5866a32291fd4bed48147009cce9158ce6533928eba8,4075
- completed:
    hackage: gtk2hs-buildtools-0.13.8.0@sha256:132f38155fc677430a47ea750918973161c876fb6f281d342ac2f07eb99229ce,5238
    pantry-tree:
      size: 3588
      sha256: 4552e3c0f2ef0f16285c38898d7e2b6aeea67d4e37cd203b0c82f70592096c45
  original:
    hackage: gtk2hs-buildtools-0.13.8.0@sha256:132f38155fc677430a47ea750918973161c876fb6f281d342ac2f07eb99229ce,5238
- completed:
    hackage: aeson-lens-0.5.0.0@sha256:7b557d74d1f35ce47905d5ab65d9c87bb59843e24177341995d2bb1ceeb177fb,994
    pantry-tree:
      size: 261
      sha256: 603ccba7d86c40cf2e02139d3d843a07c6782edc94b0368947a13f2757fe39da
  original:
    hackage: aeson-lens-0.5.0.0@sha256:7b557d74d1f35ce47905d5ab65d9c87bb59843e24177341995d2bb1ceeb177fb,994
- completed:
    hackage: snowball-1.0.0.1@sha256:99b46eb27a338567666041e8b45510a2448d97a7ec3d85dd0982aba8b8d49b09,7306
    pantry-tree:
      size: 5992
      sha256: 263fe8df2eb451fe9bd2fb9bec23ebff3082767e61f70585f44b6f8b9119e18e
  original:
    hackage: snowball-1.0.0.1@sha256:99b46eb27a338567666041e8b45510a2448d97a7ec3d85dd0982aba8b8d49b09,7306
snapshots:
- completed:
    size: 524164
    url: https://raw.githubusercontent.com/commercialhaskell/stackage-snapshots/master/lts/14/22.yaml
    sha256: 7ad8f33179b32d204165a3a662c6269464a47a7e65a30abc38d01b5a38ec42c0
  original: lts-14.22
